
Microsoft Visual Studio Solution File, Format Version 12.00
# Visual Studio Version 16
VisualStudioVersion = 16.0.30804.86
MinimumVisualStudioVersion = 10.0.40219.1
Project("{FAE04EC0-301F-11D3-BF4B-00C04F79EFBC}") = "Task 1", "Task 1.csproj", "{96E64F9E-0FC4-4EA6-B327-837DAD21CEF4}"
EndProject
Global
	GlobalSection(SolutionConfigurationPlatforms) = preSolution
		Debug|Any CPU = Debug|Any CPU
		Release|Any CPU = Release|Any CPU
	EndGlobalSection
	GlobalSection(ProjectConfigurationPlatforms) = postSolution
		{96E64F9E-0FC4-4EA6-B327-837DAD21CEF4}.Debug|Any CPU.ActiveCfg = Debug|Any CPU
		{96E64F9E-0FC4-4EA6-B327-837DAD21CEF4}.Debug|Any CPU.Build.0 = Debug|Any CPU
		{96E64F9E-0FC4-4EA6-B327-837DAD21CEF4}.Release|Any CPU.ActiveCfg = Release|Any CPU
		{96E64F9E-0FC4-4EA6-B327-837DAD21CEF4}.Release|Any CPU.Build.0 = Release|Any CPU
	EndGlobalSection
	GlobalSection(SolutionProperties) = preSolution
		HideSolutionNode = FALSE
	EndGlobalSection
	GlobalSection(ExtensibilityGlobals) = postSolution
		SolutionGuid = {326A6598-B409-4008-805A-550405F1A51B}
	EndGlobalSection
EndGlobal
