
Microsoft Visual Studio Solution File, Format Version 12.00
# Visual Studio Version 16
VisualStudioVersion = 16.0.30804.86
MinimumVisualStudioVersion = 10.0.40219.1
Project("{FAE04EC0-301F-11D3-BF4B-00C04F79EFBC}") = "Task 2", "Task 2.csproj", "{D92644BF-C454-46D5-8625-2BDD9787AD0D}"
EndProject
Global
	GlobalSection(SolutionConfigurationPlatforms) = preSolution
		Debug|Any CPU = Debug|Any CPU
		Release|Any CPU = Release|Any CPU
	EndGlobalSection
	GlobalSection(ProjectConfigurationPlatforms) = postSolution
		{D92644BF-C454-46D5-8625-2BDD9787AD0D}.Debug|Any CPU.ActiveCfg = Debug|Any CPU
		{D92644BF-C454-46D5-8625-2BDD9787AD0D}.Debug|Any CPU.Build.0 = Debug|Any CPU
		{D92644BF-C454-46D5-8625-2BDD9787AD0D}.Release|Any CPU.ActiveCfg = Release|Any CPU
		{D92644BF-C454-46D5-8625-2BDD9787AD0D}.Release|Any CPU.Build.0 = Release|Any CPU
	EndGlobalSection
	GlobalSection(SolutionProperties) = preSolution
		HideSolutionNode = FALSE
	EndGlobalSection
	GlobalSection(ExtensibilityGlobals) = postSolution
		SolutionGuid = {C9356A4B-4E6F-4BC1-8DDD-E3AACE600F96}
	EndGlobalSection
EndGlobal
